
Microsoft Visual Studio Solution File, Format Version 12.00
# Visual Studio Version 17
VisualStudioVersion = 17.12.35527.113
MinimumVisualStudioVersion = 10.0.40219.1
Project("{FAE04EC0-301F-11D3-BF4B-00C04F79EFBC}") = "DiscordHyperXMuteTool", "DiscordHyperXMuteTool\DiscordHyperXMuteTool.csproj", "{3B2381DD-B932-4311-94A1-CB1FCB0E3C21}"
EndProject
Project("{8BC9CEB8-8B4A-11D0-8D11-00A0C91BC942}") = "DiscordHyperXMuteMonitorUnmanaged", "DiscordHyperXMuteMonitorUnmanaged\DiscordHyperXMuteMonitorUnmanaged.vcxproj", "{83DEF744-5EA5-4F23-B085-2AF476747F2F}"
EndProject
Project("{FAE04EC0-301F-11D3-BF4B-00C04F79EFBC}") = "DiscordHyperXMuteMonitorManaged", "DiscordHyperXMuteMonitorManaged\DiscordHyperXMuteMonitorManaged.csproj", "{0E5B372C-1CE8-4B76-9865-E188439C9FD6}"
EndProject
Project("{C7167F0D-BC9F-4E6E-AFE1-012C56B48DB5}") = "DiscordHyperXMuteToolPackagingProject", "DiscordHyperXMuteToolPackagingProject\DiscordHyperXMuteToolPackagingProject.wapproj", "{B4B01C03-55C3-416C-984C-17F6020017DA}"
EndProject
Global
	GlobalSection(SolutionConfigurationPlatforms) = preSolution
		Debug|Any CPU = Debug|Any CPU
		Debug|ARM = Debug|ARM
		Debug|ARM64 = Debug|ARM64
		Debug|x64 = Debug|x64
		Debug|x86 = Debug|x86
		Release|Any CPU = Release|Any CPU
		Release|ARM = Release|ARM
		Release|ARM64 = Release|ARM64
		Release|x64 = Release|x64
		Release|x86 = Release|x86
	EndGlobalSection
	GlobalSection(ProjectConfigurationPlatforms) = postSolution
		{3B2381DD-B932-4311-94A1-CB1FCB0E3C21}.Debug|Any CPU.ActiveCfg = Debug|Any CPU
		{3B2381DD-B932-4311-94A1-CB1FCB0E3C21}.Debug|Any CPU.Build.0 = Debug|Any CPU
		{3B2381DD-B932-4311-94A1-CB1FCB0E3C21}.Debug|ARM.ActiveCfg = Debug|Any CPU
		{3B2381DD-B932-4311-94A1-CB1FCB0E3C21}.Debug|ARM.Build.0 = Debug|Any CPU
		{3B2381DD-B932-4311-94A1-CB1FCB0E3C21}.Debug|ARM64.ActiveCfg = Debug|Any CPU
		{3B2381DD-B932-4311-94A1-CB1FCB0E3C21}.Debug|ARM64.Build.0 = Debug|Any CPU
		{3B2381DD-B932-4311-94A1-CB1FCB0E3C21}.Debug|x64.ActiveCfg = Debug|Any CPU
		{3B2381DD-B932-4311-94A1-CB1FCB0E3C21}.Debug|x64.Build.0 = Debug|Any CPU
		{3B2381DD-B932-4311-94A1-CB1FCB0E3C21}.Debug|x86.ActiveCfg = Debug|Any CPU
		{3B2381DD-B932-4311-94A1-CB1FCB0E3C21}.Debug|x86.Build.0 = Debug|Any CPU
		{3B2381DD-B932-4311-94A1-CB1FCB0E3C21}.Release|Any CPU.ActiveCfg = Release|Any CPU
		{3B2381DD-B932-4311-94A1-CB1FCB0E3C21}.Release|Any CPU.Build.0 = Release|Any CPU
		{3B2381DD-B932-4311-94A1-CB1FCB0E3C21}.Release|ARM.ActiveCfg = Release|Any CPU
		{3B2381DD-B932-4311-94A1-CB1FCB0E3C21}.Release|ARM.Build.0 = Release|Any CPU
		{3B2381DD-B932-4311-94A1-CB1FCB0E3C21}.Release|ARM64.ActiveCfg = Release|Any CPU
		{3B2381DD-B932-4311-94A1-CB1FCB0E3C21}.Release|ARM64.Build.0 = Release|Any CPU
		{3B2381DD-B932-4311-94A1-CB1FCB0E3C21}.Release|x64.ActiveCfg = Release|Any CPU
		{3B2381DD-B932-4311-94A1-CB1FCB0E3C21}.Release|x64.Build.0 = Release|Any CPU
		{3B2381DD-B932-4311-94A1-CB1FCB0E3C21}.Release|x86.ActiveCfg = Release|Any CPU
		{3B2381DD-B932-4311-94A1-CB1FCB0E3C21}.Release|x86.Build.0 = Release|Any CPU
		{83DEF744-5EA5-4F23-B085-2AF476747F2F}.Debug|Any CPU.ActiveCfg = Debug|x64
		{83DEF744-5EA5-4F23-B085-2AF476747F2F}.Debug|Any CPU.Build.0 = Debug|x64
		{83DEF744-5EA5-4F23-B085-2AF476747F2F}.Debug|ARM.ActiveCfg = Debug|x64
		{83DEF744-5EA5-4F23-B085-2AF476747F2F}.Debug|ARM.Build.0 = Debug|x64
		{83DEF744-5EA5-4F23-B085-2AF476747F2F}.Debug|ARM64.ActiveCfg = Debug|x64
		{83DEF744-5EA5-4F23-B085-2AF476747F2F}.Debug|ARM64.Build.0 = Debug|x64
		{83DEF744-5EA5-4F23-B085-2AF476747F2F}.Debug|x64.ActiveCfg = Debug|x64
		{83DEF744-5EA5-4F23-B085-2AF476747F2F}.Debug|x64.Build.0 = Debug|x64
		{83DEF744-5EA5-4F23-B085-2AF476747F2F}.Debug|x86.ActiveCfg = Debug|Win32
		{83DEF744-5EA5-4F23-B085-2AF476747F2F}.Debug|x86.Build.0 = Debug|Win32
		{83DEF744-5EA5-4F23-B085-2AF476747F2F}.Release|Any CPU.ActiveCfg = Release|x64
		{83DEF744-5EA5-4F23-B085-2AF476747F2F}.Release|Any CPU.Build.0 = Release|x64
		{83DEF744-5EA5-4F23-B085-2AF476747F2F}.Release|ARM.ActiveCfg = Release|x64
		{83DEF744-5EA5-4F23-B085-2AF476747F2F}.Release|ARM.Build.0 = Release|x64
		{83DEF744-5EA5-4F23-B085-2AF476747F2F}.Release|ARM64.ActiveCfg = Release|x64
		{83DEF744-5EA5-4F23-B085-2AF476747F2F}.Release|ARM64.Build.0 = Release|x64
		{83DEF744-5EA5-4F23-B085-2AF476747F2F}.Release|x64.ActiveCfg = Release|x64
		{83DEF744-5EA5-4F23-B085-2AF476747F2F}.Release|x64.Build.0 = Release|x64
		{83DEF744-5EA5-4F23-B085-2AF476747F2F}.Release|x86.ActiveCfg = Release|Win32
		{83DEF744-5EA5-4F23-B085-2AF476747F2F}.Release|x86.Build.0 = Release|Win32
		{0E5B372C-1CE8-4B76-9865-E188439C9FD6}.Debug|Any CPU.ActiveCfg = Debug|Any CPU
		{0E5B372C-1CE8-4B76-9865-E188439C9FD6}.Debug|Any CPU.Build.0 = Debug|Any CPU
		{0E5B372C-1CE8-4B76-9865-E188439C9FD6}.Debug|ARM.ActiveCfg = Debug|Any CPU
		{0E5B372C-1CE8-4B76-9865-E188439C9FD6}.Debug|ARM.Build.0 = Debug|Any CPU
		{0E5B372C-1CE8-4B76-9865-E188439C9FD6}.Debug|ARM64.ActiveCfg = Debug|Any CPU
		{0E5B372C-1CE8-4B76-9865-E188439C9FD6}.Debug|ARM64.Build.0 = Debug|Any CPU
		{0E5B372C-1CE8-4B76-9865-E188439C9FD6}.Debug|x64.ActiveCfg = Debug|Any CPU
		{0E5B372C-1CE8-4B76-9865-E188439C9FD6}.Debug|x64.Build.0 = Debug|Any CPU
		{0E5B372C-1CE8-4B76-9865-E188439C9FD6}.Debug|x86.ActiveCfg = Debug|Any CPU
		{0E5B372C-1CE8-4B76-9865-E188439C9FD6}.Debug|x86.Build.0 = Debug|Any CPU
		{0E5B372C-1CE8-4B76-9865-E188439C9FD6}.Release|Any CPU.ActiveCfg = Release|Any CPU
		{0E5B372C-1CE8-4B76-9865-E188439C9FD6}.Release|Any CPU.Build.0 = Release|Any CPU
		{0E5B372C-1CE8-4B76-9865-E188439C9FD6}.Release|ARM.ActiveCfg = Release|Any CPU
		{0E5B372C-1CE8-4B76-9865-E188439C9FD6}.Release|ARM.Build.0 = Release|Any CPU
		{0E5B372C-1CE8-4B76-9865-E188439C9FD6}.Release|ARM64.ActiveCfg = Release|Any CPU
		{0E5B372C-1CE8-4B76-9865-E188439C9FD6}.Release|ARM64.Build.0 = Release|Any CPU
		{0E5B372C-1CE8-4B76-9865-E188439C9FD6}.Release|x64.ActiveCfg = Release|Any CPU
		{0E5B372C-1CE8-4B76-9865-E188439C9FD6}.Release|x64.Build.0 = Release|Any CPU
		{0E5B372C-1CE8-4B76-9865-E188439C9FD6}.Release|x86.ActiveCfg = Release|Any CPU
		{0E5B372C-1CE8-4B76-9865-E188439C9FD6}.Release|x86.Build.0 = Release|Any CPU
		{B4B01C03-55C3-416C-984C-17F6020017DA}.Debug|Any CPU.ActiveCfg = Debug|Any CPU
		{B4B01C03-55C3-416C-984C-17F6020017DA}.Debug|Any CPU.Build.0 = Debug|Any CPU
		{B4B01C03-55C3-416C-984C-17F6020017DA}.Debug|Any CPU.Deploy.0 = Debug|Any CPU
		{B4B01C03-55C3-416C-984C-17F6020017DA}.Debug|ARM.ActiveCfg = Debug|ARM
		{B4B01C03-55C3-416C-984C-17F6020017DA}.Debug|ARM.Build.0 = Debug|ARM
		{B4B01C03-55C3-416C-984C-17F6020017DA}.Debug|ARM.Deploy.0 = Debug|ARM
		{B4B01C03-55C3-416C-984C-17F6020017DA}.Debug|ARM64.ActiveCfg = Debug|ARM64
		{B4B01C03-55C3-416C-984C-17F6020017DA}.Debug|ARM64.Build.0 = Debug|ARM64
		{B4B01C03-55C3-416C-984C-17F6020017DA}.Debug|ARM64.Deploy.0 = Debug|ARM64
		{B4B01C03-55C3-416C-984C-17F6020017DA}.Debug|x64.ActiveCfg = Debug|x64
		{B4B01C03-55C3-416C-984C-17F6020017DA}.Debug|x64.Build.0 = Debug|x64
		{B4B01C03-55C3-416C-984C-17F6020017DA}.Debug|x64.Deploy.0 = Debug|x64
		{B4B01C03-55C3-416C-984C-17F6020017DA}.Debug|x86.ActiveCfg = Debug|x86
		{B4B01C03-55C3-416C-984C-17F6020017DA}.Debug|x86.Build.0 = Debug|x86
		{B4B01C03-55C3-416C-984C-17F6020017DA}.Debug|x86.Deploy.0 = Debug|x86
		{B4B01C03-55C3-416C-984C-17F6020017DA}.Release|Any CPU.ActiveCfg = Release|Any CPU
		{B4B01C03-55C3-416C-984C-17F6020017DA}.Release|Any CPU.Build.0 = Release|Any CPU
		{B4B01C03-55C3-416C-984C-17F6020017DA}.Release|Any CPU.Deploy.0 = Release|Any CPU
		{B4B01C03-55C3-416C-984C-17F6020017DA}.Release|ARM.ActiveCfg = Release|ARM
		{B4B01C03-55C3-416C-984C-17F6020017DA}.Release|ARM.Build.0 = Release|ARM
		{B4B01C03-55C3-416C-984C-17F6020017DA}.Release|ARM.Deploy.0 = Release|ARM
		{B4B01C03-55C3-416C-984C-17F6020017DA}.Release|ARM64.ActiveCfg = Release|ARM64
		{B4B01C03-55C3-416C-984C-17F6020017DA}.Release|ARM64.Build.0 = Release|ARM64
		{B4B01C03-55C3-416C-984C-17F6020017DA}.Release|ARM64.Deploy.0 = Release|ARM64
		{B4B01C03-55C3-416C-984C-17F6020017DA}.Release|x64.ActiveCfg = Release|x64
		{B4B01C03-55C3-416C-984C-17F6020017DA}.Release|x64.Build.0 = Release|x64
		{B4B01C03-55C3-416C-984C-17F6020017DA}.Release|x64.Deploy.0 = Release|x64
		{B4B01C03-55C3-416C-984C-17F6020017DA}.Release|x86.ActiveCfg = Release|x86
		{B4B01C03-55C3-416C-984C-17F6020017DA}.Release|x86.Build.0 = Release|x86
		{B4B01C03-55C3-416C-984C-17F6020017DA}.Release|x86.Deploy.0 = Release|x86
	EndGlobalSection
	GlobalSection(SolutionProperties) = preSolution
		HideSolutionNode = FALSE
	EndGlobalSection
EndGlobal
